{
  "name": "preloader-html-webpack-plugin",
  "version": "0.0.1",
  "lockfileVersion": 1,
  "requires": true,
  "dependencies": {
    "lodash": {
      "version": "4.17.21",
      "resolved": "https://registry.npmjs.org/lodash/-/lodash-4.17.21.tgz",
      "integrity": "sha512-v2kDEe57lecTulaDIuNTPy3Ry4gLGJ6Z1O3vE1krgXZNrsQ+LFTGHVxVjcXPs17LhbZVGedAJv8XZ1tvj5FvSg=="
    },
    "rsvp": {
      "version": "4.8.4",
      "resolved": "https://registry.npmjs.org/rsvp/-/rsvp-4.8.4.tgz",
      "integrity": "sha512-6FomvYPfs+Jy9TfXmBpBuMWNH94SgCsZmJKcanySzgNNP6LjWxBvyLTa9KaMfDDM5oxRfrKDB0r/qeRsLwnBfA=="
    }
  }
}
