{
  "name": "preloader-html-webpack-plugin",
  "version": "0.0.1",
  "lockfileVersion": 1,
  "requires": true,
  "dependencies": {
    "lodash": {
      "version": "4.17.19",
      "resolved": "https://registry.npmjs.org/lodash/-/lodash-4.17.19.tgz",
      "integrity": "sha512-JNvd8XER9GQX0v2qJgsaN/mzFCNA5BRe/j8JN9d+tWyGLSodKQHKFicdwNYzWwI3wjRnaKPsGj1XkBjx/F96DQ=="
    },
    "rsvp": {
      "version": "4.8.4",
      "resolved": "https://registry.npmjs.org/rsvp/-/rsvp-4.8.4.tgz",
      "integrity": "sha512-6FomvYPfs+Jy9TfXmBpBuMWNH94SgCsZmJKcanySzgNNP6LjWxBvyLTa9KaMfDDM5oxRfrKDB0r/qeRsLwnBfA=="
    }
  }
}
